{
  "name": "tourism",
  "lockfileVersion": 2,
  "requires": true,
  "packages": {
    "": {
      "dependencies": {
        "glider-js": "^1.7.8",
        "hover.css": "^2.3.2"
      }
    },
    "node_modules/glider-js": {
      "version": "1.7.8",
      "resolved": "https://registry.npmjs.org/glider-js/-/glider-js-1.7.8.tgz",
      "integrity": "sha512-env4+yfoNYaeHJmEBGygjcZDpZ5LRUjGhCB6Ag+XNQfvuLVD5PhCYQShBVCAd5On7XfknM57O+V2Fwfcsii3Dw=="
    },
    "node_modules/hover.css": {
      "version": "2.3.2",
      "resolved": "https://registry.npmjs.org/hover.css/-/hover.css-2.3.2.tgz",
      "integrity": "sha512-eXch700vfcoSSAcEcU154lTHBYQy2cjGT+yJZtkKWxASBBiPVkqYOdMAa0sz4cYj2YIrl1FRE2s5O4EgOaIpig=="
    }
  },
  "dependencies": {
    "glider-js": {
      "version": "1.7.8",
      "resolved": "https://registry.npmjs.org/glider-js/-/glider-js-1.7.8.tgz",
      "integrity": "sha512-env4+yfoNYaeHJmEBGygjcZDpZ5LRUjGhCB6Ag+XNQfvuLVD5PhCYQShBVCAd5On7XfknM57O+V2Fwfcsii3Dw=="
    },
    "hover.css": {
      "version": "2.3.2",
      "resolved": "https://registry.npmjs.org/hover.css/-/hover.css-2.3.2.tgz",
      "integrity": "sha512-eXch700vfcoSSAcEcU154lTHBYQy2cjGT+yJZtkKWxASBBiPVkqYOdMAa0sz4cYj2YIrl1FRE2s5O4EgOaIpig=="
    }
  }
}
